
Microsoft Visual Studio Solution File, Format Version 12.00
# Visual Studio Version 17
VisualStudioVersion = 17.9.34607.119
MinimumVisualStudioVersion = 10.0.40219.1
Project("{FAE04EC0-301F-11D3-BF4B-00C04F79EFBC}") = "PortaOneBAD2024Task", "PortaOneBAD2024Task\PortaOneBAD2024Task.csproj", "{78A47D9E-3770-4ECE-9B8F-C7C099764AC4}"
EndProject
Global
	GlobalSection(SolutionConfigurationPlatforms) = preSolution
		Debug|Any CPU = Debug|Any CPU
		Release|Any CPU = Release|Any CPU
	EndGlobalSection
	GlobalSection(ProjectConfigurationPlatforms) = postSolution
		{78A47D9E-3770-4ECE-9B8F-C7C099764AC4}.Debug|Any CPU.ActiveCfg = Debug|Any CPU
		{78A47D9E-3770-4ECE-9B8F-C7C099764AC4}.Debug|Any CPU.Build.0 = Debug|Any CPU
		{78A47D9E-3770-4ECE-9B8F-C7C099764AC4}.Release|Any CPU.ActiveCfg = Release|Any CPU
		{78A47D9E-3770-4ECE-9B8F-C7C099764AC4}.Release|Any CPU.Build.0 = Release|Any CPU
	EndGlobalSection
	GlobalSection(SolutionProperties) = preSolution
		HideSolutionNode = FALSE
	EndGlobalSection
	GlobalSection(ExtensibilityGlobals) = postSolution
		SolutionGuid = {803A17D1-BDF3-43BC-8A39-CB9B7B8D9F30}
	EndGlobalSection
EndGlobal
